
Microsoft Visual Studio Solution File, Format Version 12.00
# Visual Studio Version 17
VisualStudioVersion = 17.10.35122.118
MinimumVisualStudioVersion = 10.0.40219.1
Project("{FAE04EC0-301F-11D3-BF4B-00C04F79EFBC}") = "MetalPrice.Service", "MetalPrice.Service\MetalPrice.Service.csproj", "{F300A92D-3A3C-49B4-A36E-68AF467BB0F3}"
EndProject
Global
	GlobalSection(SolutionConfigurationPlatforms) = preSolution
		Debug|Any CPU = Debug|Any CPU
		Release|Any CPU = Release|Any CPU
	EndGlobalSection
	GlobalSection(ProjectConfigurationPlatforms) = postSolution
		{F300A92D-3A3C-49B4-A36E-68AF467BB0F3}.Debug|Any CPU.ActiveCfg = Debug|Any CPU
		{F300A92D-3A3C-49B4-A36E-68AF467BB0F3}.Debug|Any CPU.Build.0 = Debug|Any CPU
		{F300A92D-3A3C-49B4-A36E-68AF467BB0F3}.Release|Any CPU.ActiveCfg = Release|Any CPU
		{F300A92D-3A3C-49B4-A36E-68AF467BB0F3}.Release|Any CPU.Build.0 = Release|Any CPU
	EndGlobalSection
	GlobalSection(SolutionProperties) = preSolution
		HideSolutionNode = FALSE
	EndGlobalSection
	GlobalSection(ExtensibilityGlobals) = postSolution
		SolutionGuid = {C6CBBDE3-BAC1-4BDB-8F32-EEF41D95E4FF}
	EndGlobalSection
EndGlobal
